
Microsoft Visual Studio Solution File, Format Version 12.00
# Visual Studio Version 16
VisualStudioVersion = 16.0.31205.134
MinimumVisualStudioVersion = 10.0.40219.1
Project("{FAE04EC0-301F-11D3-BF4B-00C04F79EFBC}") = "CoreApp.API", "CoreApp.API\CoreApp.API.csproj", "{CF631AC2-4EBF-4AC2-82A4-22E2EAFC584F}"
EndProject
Project("{FAE04EC0-301F-11D3-BF4B-00C04F79EFBC}") = "CoreApp.Web", "CoreApp.Web\CoreApp.Web.csproj", "{696EB48A-784F-4362-A2BA-BDEE42E0301C}"
EndProject
Project("{FAE04EC0-301F-11D3-BF4B-00C04F79EFBC}") = "CoreApp.Infrastructure", "CoreApp.Infrastructure\CoreApp.Infrastructure.csproj", "{BC892517-8FDA-4F7F-9682-06F6B4766C05}"
EndProject
Project("{FAE04EC0-301F-11D3-BF4B-00C04F79EFBC}") = "CoreApp.Abstractions", "CoreApp.Abstractions\CoreApp.Abstractions.csproj", "{ECDE9004-1191-4AA6-8994-158327BDD317}"
EndProject
Project("{FAE04EC0-301F-11D3-BF4B-00C04F79EFBC}") = "CoreApp.Logic", "CoreApp.Logic\CoreApp.Logic.csproj", "{4A890F93-564C-4562-AADE-368FF5933359}"
EndProject
Project("{2150E333-8FDC-42A3-9474-1A3956D46DE8}") = "src", "src", "{1430BFE4-158C-4805-81C8-3D93CA8D64AE}"
EndProject
Project("{2150E333-8FDC-42A3-9474-1A3956D46DE8}") = "test", "test", "{4C5FF83F-8C08-4DC3-B192-69C6D624917A}"
EndProject
Project("{FAE04EC0-301F-11D3-BF4B-00C04F79EFBC}") = "CoreApp.Tests", "test\CoreApp.Tests\CoreApp.Tests.csproj", "{62775DA0-2C25-4CD0-96B3-E60C387EDBCB}"
EndProject
Global
	GlobalSection(SolutionConfigurationPlatforms) = preSolution
		Debug|Any CPU = Debug|Any CPU
		Release|Any CPU = Release|Any CPU
	EndGlobalSection
	GlobalSection(ProjectConfigurationPlatforms) = postSolution
		{CF631AC2-4EBF-4AC2-82A4-22E2EAFC584F}.Debug|Any CPU.ActiveCfg = Debug|Any CPU
		{CF631AC2-4EBF-4AC2-82A4-22E2EAFC584F}.Debug|Any CPU.Build.0 = Debug|Any CPU
		{CF631AC2-4EBF-4AC2-82A4-22E2EAFC584F}.Release|Any CPU.ActiveCfg = Release|Any CPU
		{CF631AC2-4EBF-4AC2-82A4-22E2EAFC584F}.Release|Any CPU.Build.0 = Release|Any CPU
		{696EB48A-784F-4362-A2BA-BDEE42E0301C}.Debug|Any CPU.ActiveCfg = Debug|Any CPU
		{696EB48A-784F-4362-A2BA-BDEE42E0301C}.Debug|Any CPU.Build.0 = Debug|Any CPU
		{696EB48A-784F-4362-A2BA-BDEE42E0301C}.Release|Any CPU.ActiveCfg = Release|Any CPU
		{696EB48A-784F-4362-A2BA-BDEE42E0301C}.Release|Any CPU.Build.0 = Release|Any CPU
		{BC892517-8FDA-4F7F-9682-06F6B4766C05}.Debug|Any CPU.ActiveCfg = Debug|Any CPU
		{BC892517-8FDA-4F7F-9682-06F6B4766C05}.Debug|Any CPU.Build.0 = Debug|Any CPU
		{BC892517-8FDA-4F7F-9682-06F6B4766C05}.Release|Any CPU.ActiveCfg = Release|Any CPU
		{BC892517-8FDA-4F7F-9682-06F6B4766C05}.Release|Any CPU.Build.0 = Release|Any CPU
		{ECDE9004-1191-4AA6-8994-158327BDD317}.Debug|Any CPU.ActiveCfg = Debug|Any CPU
		{ECDE9004-1191-4AA6-8994-158327BDD317}.Debug|Any CPU.Build.0 = Debug|Any CPU
		{ECDE9004-1191-4AA6-8994-158327BDD317}.Release|Any CPU.ActiveCfg = Release|Any CPU
		{ECDE9004-1191-4AA6-8994-158327BDD317}.Release|Any CPU.Build.0 = Release|Any CPU
		{4A890F93-564C-4562-AADE-368FF5933359}.Debug|Any CPU.ActiveCfg = Debug|Any CPU
		{4A890F93-564C-4562-AADE-368FF5933359}.Debug|Any CPU.Build.0 = Debug|Any CPU
		{4A890F93-564C-4562-AADE-368FF5933359}.Release|Any CPU.ActiveCfg = Release|Any CPU
		{4A890F93-564C-4562-AADE-368FF5933359}.Release|Any CPU.Build.0 = Release|Any CPU
		{62775DA0-2C25-4CD0-96B3-E60C387EDBCB}.Debug|Any CPU.ActiveCfg = Debug|Any CPU
		{62775DA0-2C25-4CD0-96B3-E60C387EDBCB}.Debug|Any CPU.Build.0 = Debug|Any CPU
		{62775DA0-2C25-4CD0-96B3-E60C387EDBCB}.Release|Any CPU.ActiveCfg = Release|Any CPU
		{62775DA0-2C25-4CD0-96B3-E60C387EDBCB}.Release|Any CPU.Build.0 = Release|Any CPU
	EndGlobalSection
	GlobalSection(SolutionProperties) = preSolution
		HideSolutionNode = FALSE
	EndGlobalSection
	GlobalSection(NestedProjects) = preSolution
		{CF631AC2-4EBF-4AC2-82A4-22E2EAFC584F} = {1430BFE4-158C-4805-81C8-3D93CA8D64AE}
		{696EB48A-784F-4362-A2BA-BDEE42E0301C} = {1430BFE4-158C-4805-81C8-3D93CA8D64AE}
		{BC892517-8FDA-4F7F-9682-06F6B4766C05} = {1430BFE4-158C-4805-81C8-3D93CA8D64AE}
		{ECDE9004-1191-4AA6-8994-158327BDD317} = {1430BFE4-158C-4805-81C8-3D93CA8D64AE}
		{4A890F93-564C-4562-AADE-368FF5933359} = {1430BFE4-158C-4805-81C8-3D93CA8D64AE}
		{62775DA0-2C25-4CD0-96B3-E60C387EDBCB} = {4C5FF83F-8C08-4DC3-B192-69C6D624917A}
	EndGlobalSection
	GlobalSection(ExtensibilityGlobals) = postSolution
		SolutionGuid = {FC0DE51F-95EA-462C-A447-BA4E3FF92F6A}
	EndGlobalSection
EndGlobal
