
Microsoft Visual Studio Solution File, Format Version 12.00
# Visual Studio Version 16
VisualStudioVersion = 16.0.31205.134
MinimumVisualStudioVersion = 10.0.40219.1
Project("{FAE04EC0-301F-11D3-BF4B-00C04F79EFBC}") = "CoreApp.API", "CoreApp.API\CoreApp.API.csproj", "{CF631AC2-4EBF-4AC2-82A4-22E2EAFC584F}"
EndProject
Project("{FAE04EC0-301F-11D3-BF4B-00C04F79EFBC}") = "CoreApp.Web", "CoreApp.Web\CoreApp.Web.csproj", "{696EB48A-784F-4362-A2BA-BDEE42E0301C}"
EndProject
Global
	GlobalSection(SolutionConfigurationPlatforms) = preSolution
		Debug|Any CPU = Debug|Any CPU
		Release|Any CPU = Release|Any CPU
	EndGlobalSection
	GlobalSection(ProjectConfigurationPlatforms) = postSolution
		{CF631AC2-4EBF-4AC2-82A4-22E2EAFC584F}.Debug|Any CPU.ActiveCfg = Debug|Any CPU
		{CF631AC2-4EBF-4AC2-82A4-22E2EAFC584F}.Debug|Any CPU.Build.0 = Debug|Any CPU
		{CF631AC2-4EBF-4AC2-82A4-22E2EAFC584F}.Release|Any CPU.ActiveCfg = Release|Any CPU
		{CF631AC2-4EBF-4AC2-82A4-22E2EAFC584F}.Release|Any CPU.Build.0 = Release|Any CPU
		{696EB48A-784F-4362-A2BA-BDEE42E0301C}.Debug|Any CPU.ActiveCfg = Debug|Any CPU
		{696EB48A-784F-4362-A2BA-BDEE42E0301C}.Debug|Any CPU.Build.0 = Debug|Any CPU
		{696EB48A-784F-4362-A2BA-BDEE42E0301C}.Release|Any CPU.ActiveCfg = Release|Any CPU
		{696EB48A-784F-4362-A2BA-BDEE42E0301C}.Release|Any CPU.Build.0 = Release|Any CPU
	EndGlobalSection
	GlobalSection(SolutionProperties) = preSolution
		HideSolutionNode = FALSE
	EndGlobalSection
	GlobalSection(ExtensibilityGlobals) = postSolution
		SolutionGuid = {FC0DE51F-95EA-462C-A447-BA4E3FF92F6A}
	EndGlobalSection
EndGlobal
